{
  "nodes": {
    "color-scheme-sync": {
      "inputs": {
        "crane": "crane",
        "nixpkgs": [
          "nixpkgs"
        ]
      },
      "locked": {
        "lastModified": 1695025214,
        "narHash": "sha256-CxMNcpiK2K5FDuidXYWSChUW18T4Tmypl7o93Z/UQ0I=",
        "owner": "bash",
        "repo": "color-scheme-sync",
        "rev": "e5b0422893a59d935c201c9b26e3577f9b3b51c2",
        "type": "github"
      },
      "original": {
        "owner": "bash",
        "repo": "color-scheme-sync",
        "type": "github"
      }
    },
    "crane": {
      "inputs": {
        "flake-compat": "flake-compat",
        "flake-utils": "flake-utils",
        "nixpkgs": [
          "color-scheme-sync",
          "nixpkgs"
        ],
        "rust-overlay": "rust-overlay"
      },
      "locked": {
        "lastModified": 1691422976,
        "narHash": "sha256-A8krh8yi73R8mSUk63EwM4liaqXk1dws44D4aueNOEw=",
        "owner": "ipetkov",
        "repo": "crane",
        "rev": "6c25eff4edca8556df21f55c63e49f20efe4be95",
        "type": "github"
      },
      "original": {
        "owner": "ipetkov",
        "ref": "v0.13.0",
        "repo": "crane",
        "type": "github"
      }
    },
    "flake-compat": {
      "flake": false,
      "locked": {
        "lastModified": 1673956053,
        "narHash": "sha256-4gtG9iQuiKITOjNQQeQIpoIB6b16fm+504Ch3sNKLd8=",
        "owner": "edolstra",
        "repo": "flake-compat",
        "rev": "35bb57c0c8d8b62bbfd284272c928ceb64ddbde9",
        "type": "github"
      },
      "original": {
        "owner": "edolstra",
        "repo": "flake-compat",
        "type": "github"
      }
    },
    "flake-utils": {
      "inputs": {
        "systems": "systems"
      },
      "locked": {
        "lastModified": 1689068808,
        "narHash": "sha256-6ixXo3wt24N/melDWjq70UuHQLxGV8jZvooRanIHXw0=",
        "owner": "numtide",
        "repo": "flake-utils",
        "rev": "919d646de7be200f3bf08cb76ae1f09402b6f9b4",
        "type": "github"
      },
      "original": {
        "owner": "numtide",
        "repo": "flake-utils",
        "type": "github"
      }
    },
    "home-manager": {
      "inputs": {
        "nixpkgs": [
          "nixpkgs"
        ]
      },
      "locked": {
        "lastModified": 1705659542,
        "narHash": "sha256-WA3xVfAk1AYmFdwghT7mt/erYpsU6JPu9mdTEP/e9HQ=",
        "owner": "nix-community",
        "repo": "home-manager",
        "rev": "10cd9c53115061aa6a0a90aad0b0dde6a999cdb9",
        "type": "github"
      },
      "original": {
        "owner": "nix-community",
        "ref": "release-23.11",
        "repo": "home-manager",
        "type": "github"
      }
    },
    "nixpkgs": {
      "locked": {
        "lastModified": 1706098335,
        "narHash": "sha256-r3dWjT8P9/Ah5m5ul4WqIWD8muj5F+/gbCdjiNVBKmU=",
        "owner": "nixos",
        "repo": "nixpkgs",
        "rev": "a77ab169a83a4175169d78684ddd2e54486ac651",
        "type": "github"
      },
      "original": {
        "owner": "nixos",
        "ref": "nixos-23.11",
        "repo": "nixpkgs",
        "type": "github"
      }
    },
    "nixpkgs-unstable": {
      "locked": {
        "lastModified": 1706426915,
        "narHash": "sha256-Sa9mZ4JGm7GcjkpBGX7NxSq1Sn+82l4RTobffs49yPM=",
        "owner": "nixos",
        "repo": "nixpkgs",
        "rev": "7b847777593d530e151ec0eaa44d7a7105f9219c",
        "type": "github"
      },
      "original": {
        "owner": "nixos",
        "repo": "nixpkgs",
        "type": "github"
      }
    },
    "root": {
      "inputs": {
        "color-scheme-sync": "color-scheme-sync",
        "home-manager": "home-manager",
        "nixpkgs": "nixpkgs",
        "nixpkgs-unstable": "nixpkgs-unstable"
      }
    },
    "rust-overlay": {
      "inputs": {
        "flake-utils": [
          "color-scheme-sync",
          "crane",
          "flake-utils"
        ],
        "nixpkgs": [
          "color-scheme-sync",
          "crane",
          "nixpkgs"
        ]
      },
      "locked": {
        "lastModified": 1691029059,
        "narHash": "sha256-QwVeE9YTgH3LmL7yw2V/hgswL6yorIvYSp4YGI8lZYM=",
        "owner": "oxalica",
        "repo": "rust-overlay",
        "rev": "99df4908445be37ddb2d332580365fce512a7dcf",
        "type": "github"
      },
      "original": {
        "owner": "oxalica",
        "repo": "rust-overlay",
        "type": "github"
      }
    },
    "systems": {
      "locked": {
        "lastModified": 1681028828,
        "narHash": "sha256-Vy1rq5AaRuLzOxct8nz4T6wlgyUR7zLU309k9mBC768=",
        "owner": "nix-systems",
        "repo": "default",
        "rev": "da67096a3b9bf56a91d16901293e51ba5b49a27e",
        "type": "github"
      },
      "original": {
        "owner": "nix-systems",
        "repo": "default",
        "type": "github"
      }
    }
  },
  "root": "root",
  "version": 7
}
